{
  "name": "autotesting",
  "version": "1.0.0",
  "lockfileVersion": 1,
  "requires": true,
  "dependencies": {
    "a11y-checker": {
      "version": "2.2.0",
      "resolved": "https://registry.npmjs.org/a11y-checker/-/a11y-checker-2.2.0.tgz",
      "integrity": "sha512-HlSzsj8MqKqgTP47hkskglY4fG0gSJFMUSlyDtQ0zP9MiZCFuVbsAzhjS0OMvnUeVlyVkPpCULuxBfeqK50rfQ=="
    }
  }
}
